// !$*UTF8*$!
{
	archiveVersion = 1;
	classes = {
	};
	objectVersion = 51;
	objects = {

/* Begin PBXBuildFile section */
		5A221B9BCE666859644D72F8 /* Pods_messageApp.framework in Frameworks */ = {isa = PBXBuildFile; fileRef = BD3C5C44F0790B868490A0D0 /* Pods_messageApp.framework */; };
		E67E4CB224503E9A0021ED7D /* messageViewController.swift in Sources */ = {isa = PBXBuildFile; fileRef = E67E4CB124503E9A0021ED7D /* messageViewController.swift */; };
		E67E4CB62450448E0021ED7D /* firstViewController.swift in Sources */ = {isa = PBXBuildFile; fileRef = E67E4CB52450448E0021ED7D /* firstViewController.swift */; };
		E67E4CB8245045ED0021ED7D /* GoogleService-Info.plist in Resources */ = {isa = PBXBuildFile; fileRef = E67E4CB7245045ED0021ED7D /* GoogleService-Info.plist */; };
		E68CC4A024503B4900F191C3 /* AppDelegate.swift in Sources */ = {isa = PBXBuildFile; fileRef = E68CC49F24503B4900F191C3 /* AppDelegate.swift */; };
		E68CC4A224503B4900F191C3 /* SceneDelegate.swift in Sources */ = {isa = PBXBuildFile; fileRef = E68CC4A124503B4900F191C3 /* SceneDelegate.swift */; };
		E68CC4A724503B4900F191C3 /* Main.storyboard in Resources */ = {isa = PBXBuildFile; fileRef = E68CC4A524503B4900F191C3 /* Main.storyboard */; };
		E68CC4A924503B4A00F191C3 /* Assets.xcassets in Resources */ = {isa = PBXBuildFile; fileRef = E68CC4A824503B4A00F191C3 /* Assets.xcassets */; };
		E68CC4AC24503B4A00F191C3 /* LaunchScreen.storyboard in Resources */ = {isa = PBXBuildFile; fileRef = E68CC4AA24503B4A00F191C3 /* LaunchScreen.storyboard */; };
/* End PBXBuildFile section */

/* Begin PBXFileReference section */
		3B9D4D58B32C85B6B3D46280 /* Pods-messageApp.release.xcconfig */ = {isa = PBXFileReference; includeInIndex = 1; lastKnownFileType = text.xcconfig; name = "Pods-messageApp.release.xcconfig"; path = "Target Support Files/Pods-messageApp/Pods-messageApp.release.xcconfig"; sourceTree = "<group>"; };
		8C5E93FFA7EEBEC92882B126 /* Pods-messageApp.debug.xcconfig */ = {isa = PBXFileReference; includeInIndex = 1; lastKnownFileType = text.xcconfig; name = "Pods-messageApp.debug.xcconfig"; path = "Target Support Files/Pods-messageApp/Pods-messageApp.debug.xcconfig"; sourceTree = "<group>"; };
		BD3C5C44F0790B868490A0D0 /* Pods_messageApp.framework */ = {isa = PBXFileReference; explicitFileType = wrapper.framework; includeInIndex = 0; path = Pods_messageApp.framework; sourceTree = BUILT_PRODUCTS_DIR; };
		E67E4CB124503E9A0021ED7D /* messageViewController.swift */ = {isa = PBXFileReference; lastKnownFileType = sourcecode.swift; path = messageViewController.swift; sourceTree = "<group>"; };
		E67E4CB52450448E0021ED7D /* firstViewController.swift */ = {isa = PBXFileReference; lastKnownFileType = sourcecode.swift; path = firstViewController.swift; sourceTree = "<group>"; };
		E67E4CB7245045ED0021ED7D /* GoogleService-Info.plist */ = {isa = PBXFileReference; fileEncoding = 4; lastKnownFileType = text.plist.xml; path = "GoogleService-Info.plist"; sourceTree = "<group>"; };
		E68CC49C24503B4900F191C3 /* messageApp.app */ = {isa = PBXFileReference; explicitFileType = wrapper.application; includeInIndex = 0; path = messageApp.app; sourceTree = BUILT_PRODUCTS_DIR; };
		E68CC49F24503B4900F191C3 /* AppDelegate.swift */ = {isa = PBXFileReference; lastKnownFileType = sourcecode.swift; path = AppDelegate.swift; sourceTree = "<group>"; };
		E68CC4A124503B4900F191C3 /* SceneDelegate.swift */ = {isa = PBXFileReference; lastKnownFileType = sourcecode.swift; path = SceneDelegate.swift; sourceTree = "<group>"; };
		E68CC4A624503B4900F191C3 /* Base */ = {isa = PBXFileReference; lastKnownFileType = file.storyboard; name = Base; path = Base.lproj/Main.storyboard; sourceTree = "<group>"; };
		E68CC4A824503B4A00F191C3 /* Assets.xcassets */ = {isa = PBXFileReference; lastKnownFileType = folder.assetcatalog; path = Assets.xcassets; sourceTree = "<group>"; };
		E68CC4AB24503B4A00F191C3 /* Base */ = {isa = PBXFileReference; lastKnownFileType = file.storyboard; name = Base; path = Base.lproj/LaunchScreen.storyboard; sourceTree = "<group>"; };
		E68CC4AD24503B4A00F191C3 /* Info.plist */ = {isa = PBXFileReference; lastKnownFileType = text.plist.xml; path = Info.plist; sourceTree = "<group>"; };
/* End PBXFileReference section */

/* Begin PBXFrameworksBuildPhase section */
		E68CC49924503B4900F191C3 /* Frameworks */ = {
			isa = PBXFrameworksBuildPhase;
			buildActionMask = 2147483647;
			files = (
				5A221B9BCE666859644D72F8 /* Pods_messageApp.framework in Frameworks */,
			);
			runOnlyForDeploymentPostprocessing = 0;
		};
/* End PBXFrameworksBuildPhase section */

/* Begin PBXGroup section */
		60AF08BF9679F2A1F0083C43 /* Pods */ = {
			isa = PBXGroup;
			children = (
				8C5E93FFA7EEBEC92882B126 /* Pods-messageApp.debug.xcconfig */,
				3B9D4D58B32C85B6B3D46280 /* Pods-messageApp.release.xcconfig */,
			);
			path = Pods;
			sourceTree = "<group>";
		};
		627CBB4253998451CCA83AE2 /* Frameworks */ = {
			isa = PBXGroup;
			children = (
				BD3C5C44F0790B868490A0D0 /* Pods_messageApp.framework */,
			);
			name = Frameworks;
			sourceTree = "<group>";
		};
		E68CC49324503B4900F191C3 = {
			isa = PBXGroup;
			children = (
				E68CC49E24503B4900F191C3 /* messageApp */,
				E68CC49D24503B4900F191C3 /* Products */,
				60AF08BF9679F2A1F0083C43 /* Pods */,
				627CBB4253998451CCA83AE2 /* Frameworks */,
			);
			sourceTree = "<group>";
		};
		E68CC49D24503B4900F191C3 /* Products */ = {
			isa = PBXGroup;
			children = (
				E68CC49C24503B4900F191C3 /* messageApp.app */,
			);
			name = Products;
			sourceTree = "<group>";
		};
		E68CC49E24503B4900F191C3 /* messageApp */ = {
			isa = PBXGroup;
			children = (
				E68CC49F24503B4900F191C3 /* AppDelegate.swift */,
				E68CC4A124503B4900F191C3 /* SceneDelegate.swift */,
				E68CC4A524503B4900F191C3 /* Main.storyboard */,
				E67E4CB52450448E0021ED7D /* firstViewController.swift */,
				E68CC4A824503B4A00F191C3 /* Assets.xcassets */,
				E67E4CB124503E9A0021ED7D /* messageViewController.swift */,
				E68CC4AA24503B4A00F191C3 /* LaunchScreen.storyboard */,
				E68CC4AD24503B4A00F191C3 /* Info.plist */,
				E67E4CB7245045ED0021ED7D /* GoogleService-Info.plist */,
			);
			path = messageApp;
			sourceTree = "<group>";
		};
/* End PBXGroup section */

/* Begin PBXNativeTarget section */
		E68CC49B24503B4900F191C3 /* messageApp */ = {
			isa = PBXNativeTarget;
			buildConfigurationList = E68CC4B024503B4A00F191C3 /* Build configuration list for PBXNativeTarget "messageApp" */;
			buildPhases = (
				BCB5D507B1554E3CB4714EC1 /* [CP] Check Pods Manifest.lock */,
				E68CC49824503B4900F191C3 /* Sources */,
				E68CC49924503B4900F191C3 /* Frameworks */,
				E68CC49A24503B4900F191C3 /* Resources */,
				80BF06C7F4366B3C8A9363F6 /* [CP] Embed Pods Frameworks */,
			);
			buildRules = (
			);
			dependencies = (
			);
			name = messageApp;
			productName = messageApp;
			productReference = E68CC49C24503B4900F191C3 /* messageApp.app */;
			productType = "com.apple.product-type.application";
		};
/* End PBXNativeTarget section */

/* Begin PBXProject section */
		E68CC49424503B4900F191C3 /* Project object */ = {
			isa = PBXProject;
			attributes = {
				LastSwiftUpdateCheck = 1140;
				LastUpgradeCheck = 1140;
				ORGANIZATIONNAME = is;
				TargetAttributes = {
					E68CC49B24503B4900F191C3 = {
						CreatedOnToolsVersion = 11.4.1;
					};
				};
			};
			buildConfigurationList = E68CC49724503B4900F191C3 /* Build configuration list for PBXProject "messageApp" */;
			compatibilityVersion = "Xcode 9.3";
			developmentRegion = en;
			hasScannedForEncodings = 0;
			knownRegions = (
				en,
				Base,
			);
			mainGroup = E68CC49324503B4900F191C3;
			productRefGroup = E68CC49D24503B4900F191C3 /* Products */;
			projectDirPath = "";
			projectRoot = "";
			targets = (
				E68CC49B24503B4900F191C3 /* messageApp */,
			);
		};
/* End PBXProject section */

/* Begin PBXResourcesBuildPhase section */
		E68CC49A24503B4900F191C3 /* Resources */ = {
			isa = PBXResourcesBuildPhase;
			buildActionMask = 2147483647;
			files = (
				E68CC4AC24503B4A00F191C3 /* LaunchScreen.storyboard in Resources */,
				E67E4CB8245045ED0021ED7D /* GoogleService-Info.plist in Resources */,
				E68CC4A924503B4A00F191C3 /* Assets.xcassets in Resources */,
				E68CC4A724503B4900F191C3 /* Main.storyboard in Resources */,
			);
			runOnlyForDeploymentPostprocessing = 0;
		};
/* End PBXResourcesBuildPhase section */

/* Begin PBXShellScriptBuildPhase section */
		80BF06C7F4366B3C8A9363F6 /* [CP] Embed Pods Frameworks */ = {
			isa = PBXShellScriptBuildPhase;
			buildActionMask = 2147483647;
			files = (
			);
			inputFileListPaths = (
				"${PODS_ROOT}/Target Support Files/Pods-messageApp/Pods-messageApp-frameworks-${CONFIGURATION}-input-files.xcfilelist",
			);
			name = "[CP] Embed Pods Frameworks";
			outputFileListPaths = (
				"${PODS_ROOT}/Target Support Files/Pods-messageApp/Pods-messageApp-frameworks-${CONFIGURATION}-output-files.xcfilelist",
			);
			runOnlyForDeploymentPostprocessing = 0;
			shellPath = /bin/sh;
			shellScript = "\"${PODS_ROOT}/Target Support Files/Pods-messageApp/Pods-messageApp-frameworks.sh\"\n";
			showEnvVarsInLog = 0;
		};
		BCB5D507B1554E3CB4714EC1 /* [CP] Check Pods Manifest.lock */ = {
			isa = PBXShellScriptBuildPhase;
			buildActionMask = 2147483647;
			files = (
			);
			inputFileListPaths = (
			);
			inputPaths = (
				"${PODS_PODFILE_DIR_PATH}/Podfile.lock",
				"${PODS_ROOT}/Manifest.lock",
			);
			name = "[CP] Check Pods Manifest.lock";
			outputFileListPaths = (
			);
			outputPaths = (
				"$(DERIVED_FILE_DIR)/Pods-messageApp-checkManifestLockResult.txt",
			);
			runOnlyForDeploymentPostprocessing = 0;
			shellPath = /bin/sh;
			shellScript = "diff \"${PODS_PODFILE_DIR_PATH}/Podfile.lock\" \"${PODS_ROOT}/Manifest.lock\" > /dev/null\nif [ $? != 0 ] ; then\n    # print error to STDERR\n    echo \"error: The sandbox is not in sync with the Podfile.lock. Run 'pod install' or update your CocoaPods installation.\" >&2\n    exit 1\nfi\n# This output is used by Xcode 'outputs' to avoid re-running this script phase.\necho \"SUCCESS\" > \"${SCRIPT_OUTPUT_FILE_0}\"\n";
			showEnvVarsInLog = 0;
		};
/* End PBXShellScriptBuildPhase section */

/* Begin PBXSourcesBuildPhase section */
		E68CC49824503B4900F191C3 /* Sources */ = {
			isa = PBXSourcesBuildPhase;
			buildActionMask = 2147483647;
			files = (
				E68CC4A024503B4900F191C3 /* AppDelegate.swift in Sources */,
				E67E4CB62450448E0021ED7D /* firstViewController.swift in Sources */,
				E68CC4A224503B4900F191C3 /* SceneDelegate.swift in Sources */,
				E67E4CB224503E9A0021ED7D /* messageViewController.swift in Sources */,
			);
			runOnlyForDeploymentPostprocessing = 0;
		};
/* End PBXSourcesBuildPhase section */

/* Begin PBXVariantGroup section */
		E68CC4A524503B4900F191C3 /* Main.storyboard */ = {
			isa = PBXVariantGroup;
			children = (
				E68CC4A624503B4900F191C3 /* Base */,
			);
			name = Main.storyboard;
			sourceTree = "<group>";
		};
		E68CC4AA24503B4A00F191C3 /* LaunchScreen.storyboard */ = {
			isa = PBXVariantGroup;
			children = (
				E68CC4AB24503B4A00F191C3 /* Base */,
			);
			name = LaunchScreen.storyboard;
			sourceTree = "<group>";
		};
/* End PBXVariantGroup section */

/* Begin XCBuildConfiguration section */
		E68CC4AE24503B4A00F191C3 /* Debug */ = {
			isa = XCBuildConfiguration;
			buildSettings = {
				ALWAYS_SEARCH_USER_PATHS = NO;
				CLANG_ANALYZER_NONNULL = YES;
				CLANG_ANALYZER_NUMBER_OBJECT_CONVERSION = YES_AGGRESSIVE;
				CLANG_CXX_LANGUAGE_STANDARD = "gnu++14";
				CLANG_CXX_LIBRARY = "libc++";
				CLANG_ENABLE_MODULES = YES;
				CLANG_ENABLE_OBJC_ARC = YES;
				CLANG_ENABLE_OBJC_WEAK = YES;
				CLANG_WARN_BLOCK_CAPTURE_AUTORELEASING = YES;
				CLANG_WARN_BOOL_CONVERSION = YES;
				CLANG_WARN_COMMA = YES;
				CLANG_WARN_CONSTANT_CONVERSION = YES;
				CLANG_WARN_DEPRECATED_OBJC_IMPLEMENTATIONS = YES;
				CLANG_WARN_DIRECT_OBJC_ISA_USAGE = YES_ERROR;
				CLANG_WARN_DOCUMENTATION_COMMENTS = YES;
				CLANG_WARN_EMPTY_BODY = YES;
				CLANG_WARN_ENUM_CONVERSION = YES;
				CLANG_WARN_INFINITE_RECURSION = YES;
				CLANG_WARN_INT_CONVERSION = YES;
				CLANG_WARN_NON_LITERAL_NULL_CONVERSION = YES;
				CLANG_WARN_OBJC_IMPLICIT_RETAIN_SELF = YES;
				CLANG_WARN_OBJC_LITERAL_CONVERSION = YES;
				CLANG_WARN_OBJC_ROOT_CLASS = YES_ERROR;
				CLANG_WARN_RANGE_LOOP_ANALYSIS = YES;
				CLANG_WARN_STRICT_PROTOTYPES = YES;
				CLANG_WARN_SUSPICIOUS_MOVE = YES;
				CLANG_WARN_UNGUARDED_AVAILABILITY = YES_AGGRESSIVE;
				CLANG_WARN_UNREACHABLE_CODE = YES;
				CLANG_WARN__DUPLICATE_METHOD_MATCH = YES;
				COPY_PHASE_STRIP = NO;
				DEBUG_INFORMATION_FORMAT = dwarf;
				ENABLE_STRICT_OBJC_MSGSEND = YES;
				ENABLE_TESTABILITY = YES;
				GCC_C_LANGUAGE_STANDARD = gnu11;
				GCC_DYNAMIC_NO_PIC = NO;
				GCC_NO_COMMON_BLOCKS = YES;
				GCC_OPTIMIZATION_LEVEL = 0;
				GCC_PREPROCESSOR_DEFINITIONS = (
					"DEBUG=1",
					"$(inherited)",
				);
				GCC_WARN_64_TO_32_BIT_CONVERSION = YES;
				GCC_WARN_ABOUT_RETURN_TYPE = YES_ERROR;
				GCC_WARN_UNDECLARED_SELECTOR = YES;
				GCC_WARN_UNINITIALIZED_AUTOS = YES_AGGRESSIVE;
				GCC_WARN_UNUSED_FUNCTION = YES;
				GCC_WARN_UNUSED_VARIABLE = YES;
				IPHONEOS_DEPLOYMENT_TARGET = 13.4;
				MTL_ENABLE_DEBUG_INFO = INCLUDE_SOURCE;
				MTL_FAST_MATH = YES;
				ONLY_ACTIVE_ARCH = YES;
				SDKROOT = iphoneos;
				SWIFT_ACTIVE_COMPILATION_CONDITIONS = DEBUG;
				SWIFT_OPTIMIZATION_LEVEL = "-Onone";
			};
			name = Debug;
		};
		E68CC4AF24503B4A00F191C3 /* Release */ = {
			isa = XCBuildConfiguration;
			buildSettings = {
				ALWAYS_SEARCH_USER_PATHS = NO;
				CLANG_ANALYZER_NONNULL = YES;
				CLANG_ANALYZER_NUMBER_OBJECT_CONVERSION = YES_AGGRESSIVE;
				CLANG_CXX_LANGUAGE_STANDARD = "gnu++14";
				CLANG_CXX_LIBRARY = "libc++";
				CLANG_ENABLE_MODULES = YES;
				CLANG_ENABLE_OBJC_ARC = YES;
				CLANG_ENABLE_OBJC_WEAK = YES;
				CLANG_WARN_BLOCK_CAPTURE_AUTORELEASING = YES;
				CLANG_WARN_BOOL_CONVERSION = YES;
				CLANG_WARN_COMMA = YES;
				CLANG_WARN_CONSTANT_CONVERSION = YES;
				CLANG_WARN_DEPRECATED_OBJC_IMPLEMENTATIONS = YES;
				CLANG_WARN_DIRECT_OBJC_ISA_USAGE = YES_ERROR;
				CLANG_WARN_DOCUMENTATION_COMMENTS = YES;
				CLANG_WARN_EMPTY_BODY = YES;
				CLANG_WARN_ENUM_CONVERSION = YES;
				CLANG_WARN_INFINITE_RECURSION = YES;
				CLANG_WARN_INT_CONVERSION = YES;
				CLANG_WARN_NON_LITERAL_NULL_CONVERSION = YES;
				CLANG_WARN_OBJC_IMPLICIT_RETAIN_SELF = YES;
				CLANG_WARN_OBJC_LITERAL_CONVERSION = YES;
				CLANG_WARN_OBJC_ROOT_CLASS = YES_ERROR;
				CLANG_WARN_RANGE_LOOP_ANALYSIS = YES;
				CLANG_WARN_STRICT_PROTOTYPES = YES;
				CLANG_WARN_SUSPICIOUS_MOVE = YES;
				CLANG_WARN_UNGUARDED_AVAILABILITY = YES_AGGRESSIVE;
				CLANG_WARN_UNREACHABLE_CODE = YES;
				CLANG_WARN__DUPLICATE_METHOD_MATCH = YES;
				COPY_PHASE_STRIP = NO;
				DEBUG_INFORMATION_FORMAT = "dwarf-with-dsym";
				ENABLE_NS_ASSERTIONS = NO;
				ENABLE_STRICT_OBJC_MSGSEND = YES;
				GCC_C_LANGUAGE_STANDARD = gnu11;
				GCC_NO_COMMON_BLOCKS = YES;
				GCC_WARN_64_TO_32_BIT_CONVERSION = YES;
				GCC_WARN_ABOUT_RETURN_TYPE = YES_ERROR;
				GCC_WARN_UNDECLARED_SELECTOR = YES;
				GCC_WARN_UNINITIALIZED_AUTOS = YES_AGGRESSIVE;
				GCC_WARN_UNUSED_FUNCTION = YES;
				GCC_WARN_UNUSED_VARIABLE = YES;
				IPHONEOS_DEPLOYMENT_TARGET = 13.4;
				MTL_ENABLE_DEBUG_INFO = NO;
				MTL_FAST_MATH = YES;
				SDKROOT = iphoneos;
				SWIFT_COMPILATION_MODE = wholemodule;
				SWIFT_OPTIMIZATION_LEVEL = "-O";
				VALIDATE_PRODUCT = YES;
			};
			name = Release;
		};
		E68CC4B124503B4A00F191C3 /* Debug */ = {
			isa = XCBuildConfiguration;
			baseConfigurationReference = 8C5E93FFA7EEBEC92882B126 /* Pods-messageApp.debug.xcconfig */;
			buildSettings = {
				ASSETCATALOG_COMPILER_APPICON_NAME = AppIcon;
				CODE_SIGN_STYLE = Automatic;
				DEVELOPMENT_TEAM = 662NXA3TX5;
				INFOPLIST_FILE = messageApp/Info.plist;
				IPHONEOS_DEPLOYMENT_TARGET = 13.1;
				LD_RUNPATH_SEARCH_PATHS = (
					"$(inherited)",
					"@executable_path/Frameworks",
				);
				PRODUCT_BUNDLE_IDENTIFIER = is.messageApp;
				PRODUCT_NAME = "$(TARGET_NAME)";
				SWIFT_VERSION = 5.0;
				TARGETED_DEVICE_FAMILY = 1;
			};
			name = Debug;
		};
		E68CC4B224503B4A00F191C3 /* Release */ = {
			isa = XCBuildConfiguration;
			baseConfigurationReference = 3B9D4D58B32C85B6B3D46280 /* Pods-messageApp.release.xcconfig */;
			buildSettings = {
				ASSETCATALOG_COMPILER_APPICON_NAME = AppIcon;
				CODE_SIGN_STYLE = Automatic;
				DEVELOPMENT_TEAM = 662NXA3TX5;
				INFOPLIST_FILE = messageApp/Info.plist;
				IPHONEOS_DEPLOYMENT_TARGET = 13.1;
				LD_RUNPATH_SEARCH_PATHS = (
					"$(inherited)",
					"@executable_path/Frameworks",
				);
				PRODUCT_BUNDLE_IDENTIFIER = is.messageApp;
				PRODUCT_NAME = "$(TARGET_NAME)";
				SWIFT_VERSION = 5.0;
				TARGETED_DEVICE_FAMILY = 1;
			};
			name = Release;
		};
/* End XCBuildConfiguration section */

/* Begin XCConfigurationList section */
		E68CC49724503B4900F191C3 /* Build configuration list for PBXProject "messageApp" */ = {
			isa = XCConfigurationList;
			buildConfigurations = (
				E68CC4AE24503B4A00F191C3 /* Debug */,
				E68CC4AF24503B4A00F191C3 /* Release */,
			);
			defaultConfigurationIsVisible = 0;
			defaultConfigurationName = Release;
		};
		E68CC4B024503B4A00F191C3 /* Build configuration list for PBXNativeTarget "messageApp" */ = {
			isa = XCConfigurationList;
			buildConfigurations = (
				E68CC4B124503B4A00F191C3 /* Debug */,
				E68CC4B224503B4A00F191C3 /* Release */,
			);
			defaultConfigurationIsVisible = 0;
			defaultConfigurationName = Release;
		};
/* End XCConfigurationList section */
	};
	rootObject = E68CC49424503B4900F191C3 /* Project object */;
}
